
Microsoft Visual Studio Solution File, Format Version 11.00
# Visual Studio 2010
Project("{FAE04EC0-301F-11D3-BF4B-00C04F79EFBC}") = "Services", "Services\Services.csproj", "{4AE734C3-6DB3-489F-B4F2-5D049011F846}"
EndProject
Project("{FAE04EC0-301F-11D3-BF4B-00C04F79EFBC}") = "DataAccess", "DataAccess\DataAccess.csproj", "{AC234983-EDA6-4AEF-B86F-74DD061A5AA8}"
EndProject
Project("{FAE04EC0-301F-11D3-BF4B-00C04F79EFBC}") = "Website", "Website\Website.csproj", "{F25C490D-A7BC-489F-BD41-06CDFDE3C27C}"
EndProject
Project("{2150E333-8FDC-42A3-9474-1A3956D46DE8}") = "Solution Items", "Solution Items", "{097B08CA-C807-4EB8-96F5-D08AD0A9126C}"
	ProjectSection(SolutionItems) = preProject
		Entity Rules.txt = Entity Rules.txt
		Local.testsettings = Local.testsettings
		Olive.snk = Olive.snk
		Olive.vsmdi = Olive.vsmdi
		README = README
		SolutionInfo.cs = SolutionInfo.cs
		TraceAndTestImpact.testsettings = TraceAndTestImpact.testsettings
	EndProjectSection
EndProject
Project("{C8D11400-126E-41CD-887F-60BD40844F9E}") = "Database", "Database\Database.dbproj", "{67CBC824-A49E-4E9B-A947-360F3DFE65C3}"
EndProject
Project("{C8D11400-126E-41CD-887F-60BD40844F9E}") = "DatabaseServer", "DatabaseServer\DatabaseServer.dbproj", "{B506D2AF-12DE-4ACC-A5E9-607CB1243BF1}"
EndProject
Project("{FAE04EC0-301F-11D3-BF4B-00C04F79EFBC}") = "Core", "Core\Core.csproj", "{D3889083-4413-4DCE-B732-1A9EB46AFC8A}"
EndProject
Project("{FAE04EC0-301F-11D3-BF4B-00C04F79EFBC}") = "Database.Tests", "Database.Tests\Database.Tests.csproj", "{7EBF72F1-52AA-491C-87D2-732752BFEAF1}"
EndProject
Project("{FAE04EC0-301F-11D3-BF4B-00C04F79EFBC}") = "DataAccess.Tests", "DataAccess.Tests\DataAccess.Tests.csproj", "{5C09A873-BC43-4C45-96DF-BE974080B8A6}"
EndProject
Project("{FAE04EC0-301F-11D3-BF4B-00C04F79EFBC}") = "Website.Tests", "Website.Tests\Website.Tests.csproj", "{AC179D6C-1A86-4695-84BA-E8DF4114B87D}"
EndProject
Project("{FAE04EC0-301F-11D3-BF4B-00C04F79EFBC}") = "Services.Tests", "Services.Tests\Services.Tests.csproj", "{FBD8ABC6-285F-4231-A127-59756BF4D67C}"
EndProject
Project("{FAE04EC0-301F-11D3-BF4B-00C04F79EFBC}") = "Core.Tests", "Core.Tests\Core.Tests.csproj", "{1DE053F9-6A52-49B4-9049-EB85995A1A26}"
EndProject
Project("{2150E333-8FDC-42A3-9474-1A3956D46DE8}") = "Bitcoin", "Bitcoin", "{8A255B6A-1BE8-484D-9626-48D59B79C9A6}"
EndProject
Project("{FAE04EC0-301F-11D3-BF4B-00C04F79EFBC}") = "RpcClient", "Bitcoin\BitcoinRpcClient\RpcClient.csproj", "{EB150E1F-86FE-43D5-A04D-83545028FB8D}"
EndProject
Project("{FAE04EC0-301F-11D3-BF4B-00C04F79EFBC}") = "RpcClient.Tests", "Bitcoin\BitcoinProxy.Tests\RpcClient.Tests.csproj", "{9F06C7DC-6F81-4E3F-9D10-0AE60FB4E6A4}"
EndProject
Project("{FAE04EC0-301F-11D3-BF4B-00C04F79EFBC}") = "BitcoinSync", "Bitcoin\BitcoinSync\BitcoinSync.csproj", "{84145DBA-9DE4-413C-89FC-DA3DAE921612}"
EndProject
Project("{FAE04EC0-301F-11D3-BF4B-00C04F79EFBC}") = "BitcoinSync.Tests", "Bitcoin\BitcoinSync.Tests\BitcoinSync.Tests.csproj", "{CBE1BA8B-C2F5-4ED9-9C16-1B7BAF219959}"
EndProject
Project("{2150E333-8FDC-42A3-9474-1A3956D46DE8}") = "Tools", "Tools", "{66704AEE-B7BA-493F-8943-1E072BAAF865}"
EndProject
Project("{FAE04EC0-301F-11D3-BF4B-00C04F79EFBC}") = "UpstreamTrader", "Tools\UpstreamTrader\UpstreamTrader.csproj", "{775F8271-3BDD-433F-9E88-245630D86BBD}"
EndProject
Project("{FAE04EC0-301F-11D3-BF4B-00C04F79EFBC}") = "UpstreamTrader.Tests", "Tools\UpstreamTrader.Tests\UpstreamTrader.Tests.csproj", "{E727F9D6-3032-42A0-93B9-AE3016BEF137}"
EndProject
Global
	GlobalSection(TestCaseManagementSettings) = postSolution
		CategoryFile = Olive.vsmdi
	EndGlobalSection
	GlobalSection(SolutionConfigurationPlatforms) = preSolution
		Beta|Any CPU = Beta|Any CPU
		Beta|Mixed Platforms = Beta|Mixed Platforms
		Beta|x64 = Beta|x64
		Beta|x86 = Beta|x86
		Debug|Any CPU = Debug|Any CPU
		Debug|Mixed Platforms = Debug|Mixed Platforms
		Debug|x64 = Debug|x64
		Debug|x86 = Debug|x86
		Dev|Any CPU = Dev|Any CPU
		Dev|Mixed Platforms = Dev|Mixed Platforms
		Dev|x64 = Dev|x64
		Dev|x86 = Dev|x86
		Release|Any CPU = Release|Any CPU
		Release|Mixed Platforms = Release|Mixed Platforms
		Release|x64 = Release|x64
		Release|x86 = Release|x86
	EndGlobalSection
	GlobalSection(ProjectConfigurationPlatforms) = postSolution
		{4AE734C3-6DB3-489F-B4F2-5D049011F846}.Beta|Any CPU.ActiveCfg = Beta|Any CPU
		{4AE734C3-6DB3-489F-B4F2-5D049011F846}.Beta|Any CPU.Build.0 = Beta|Any CPU
		{4AE734C3-6DB3-489F-B4F2-5D049011F846}.Beta|Mixed Platforms.ActiveCfg = Beta|Any CPU
		{4AE734C3-6DB3-489F-B4F2-5D049011F846}.Beta|Mixed Platforms.Build.0 = Beta|Any CPU
		{4AE734C3-6DB3-489F-B4F2-5D049011F846}.Beta|x64.ActiveCfg = Beta|Any CPU
		{4AE734C3-6DB3-489F-B4F2-5D049011F846}.Beta|x64.Build.0 = Beta|Any CPU
		{4AE734C3-6DB3-489F-B4F2-5D049011F846}.Beta|x86.ActiveCfg = Beta|Any CPU
		{4AE734C3-6DB3-489F-B4F2-5D049011F846}.Debug|Any CPU.ActiveCfg = Debug|Any CPU
		{4AE734C3-6DB3-489F-B4F2-5D049011F846}.Debug|Any CPU.Build.0 = Debug|Any CPU
		{4AE734C3-6DB3-489F-B4F2-5D049011F846}.Debug|Mixed Platforms.ActiveCfg = Debug|Any CPU
		{4AE734C3-6DB3-489F-B4F2-5D049011F846}.Debug|Mixed Platforms.Build.0 = Debug|Any CPU
		{4AE734C3-6DB3-489F-B4F2-5D049011F846}.Debug|x64.ActiveCfg = Debug|Any CPU
		{4AE734C3-6DB3-489F-B4F2-5D049011F846}.Debug|x86.ActiveCfg = Debug|Any CPU
		{4AE734C3-6DB3-489F-B4F2-5D049011F846}.Dev|Any CPU.ActiveCfg = Dev|Any CPU
		{4AE734C3-6DB3-489F-B4F2-5D049011F846}.Dev|Any CPU.Build.0 = Dev|Any CPU
		{4AE734C3-6DB3-489F-B4F2-5D049011F846}.Dev|Mixed Platforms.ActiveCfg = Dev|Any CPU
		{4AE734C3-6DB3-489F-B4F2-5D049011F846}.Dev|Mixed Platforms.Build.0 = Dev|Any CPU
		{4AE734C3-6DB3-489F-B4F2-5D049011F846}.Dev|x64.ActiveCfg = Dev|Any CPU
		{4AE734C3-6DB3-489F-B4F2-5D049011F846}.Dev|x64.Build.0 = Dev|Any CPU
		{4AE734C3-6DB3-489F-B4F2-5D049011F846}.Dev|x86.ActiveCfg = Dev|Any CPU
		{4AE734C3-6DB3-489F-B4F2-5D049011F846}.Release|Any CPU.ActiveCfg = Release|Any CPU
		{4AE734C3-6DB3-489F-B4F2-5D049011F846}.Release|Any CPU.Build.0 = Release|Any CPU
		{4AE734C3-6DB3-489F-B4F2-5D049011F846}.Release|Mixed Platforms.ActiveCfg = Release|Any CPU
		{4AE734C3-6DB3-489F-B4F2-5D049011F846}.Release|Mixed Platforms.Build.0 = Release|Any CPU
		{4AE734C3-6DB3-489F-B4F2-5D049011F846}.Release|x64.ActiveCfg = Release|Any CPU
		{4AE734C3-6DB3-489F-B4F2-5D049011F846}.Release|x86.ActiveCfg = Release|Any CPU
		{AC234983-EDA6-4AEF-B86F-74DD061A5AA8}.Beta|Any CPU.ActiveCfg = Beta|Any CPU
		{AC234983-EDA6-4AEF-B86F-74DD061A5AA8}.Beta|Any CPU.Build.0 = Beta|Any CPU
		{AC234983-EDA6-4AEF-B86F-74DD061A5AA8}.Beta|Mixed Platforms.ActiveCfg = Beta|Any CPU
		{AC234983-EDA6-4AEF-B86F-74DD061A5AA8}.Beta|Mixed Platforms.Build.0 = Beta|Any CPU
		{AC234983-EDA6-4AEF-B86F-74DD061A5AA8}.Beta|x64.ActiveCfg = Beta|Any CPU
		{AC234983-EDA6-4AEF-B86F-74DD061A5AA8}.Beta|x64.Build.0 = Beta|Any CPU
		{AC234983-EDA6-4AEF-B86F-74DD061A5AA8}.Beta|x86.ActiveCfg = Beta|Any CPU
		{AC234983-EDA6-4AEF-B86F-74DD061A5AA8}.Debug|Any CPU.ActiveCfg = Debug|Any CPU
		{AC234983-EDA6-4AEF-B86F-74DD061A5AA8}.Debug|Any CPU.Build.0 = Debug|Any CPU
		{AC234983-EDA6-4AEF-B86F-74DD061A5AA8}.Debug|Mixed Platforms.ActiveCfg = Debug|Any CPU
		{AC234983-EDA6-4AEF-B86F-74DD061A5AA8}.Debug|Mixed Platforms.Build.0 = Debug|Any CPU
		{AC234983-EDA6-4AEF-B86F-74DD061A5AA8}.Debug|x64.ActiveCfg = Debug|Any CPU
		{AC234983-EDA6-4AEF-B86F-74DD061A5AA8}.Debug|x86.ActiveCfg = Debug|Any CPU
		{AC234983-EDA6-4AEF-B86F-74DD061A5AA8}.Dev|Any CPU.ActiveCfg = Dev|Any CPU
		{AC234983-EDA6-4AEF-B86F-74DD061A5AA8}.Dev|Any CPU.Build.0 = Dev|Any CPU
		{AC234983-EDA6-4AEF-B86F-74DD061A5AA8}.Dev|Mixed Platforms.ActiveCfg = Dev|Any CPU
		{AC234983-EDA6-4AEF-B86F-74DD061A5AA8}.Dev|Mixed Platforms.Build.0 = Dev|Any CPU
		{AC234983-EDA6-4AEF-B86F-74DD061A5AA8}.Dev|x64.ActiveCfg = Dev|Any CPU
		{AC234983-EDA6-4AEF-B86F-74DD061A5AA8}.Dev|x64.Build.0 = Dev|Any CPU
		{AC234983-EDA6-4AEF-B86F-74DD061A5AA8}.Dev|x86.ActiveCfg = Dev|Any CPU
		{AC234983-EDA6-4AEF-B86F-74DD061A5AA8}.Release|Any CPU.ActiveCfg = Release|Any CPU
		{AC234983-EDA6-4AEF-B86F-74DD061A5AA8}.Release|Any CPU.Build.0 = Release|Any CPU
		{AC234983-EDA6-4AEF-B86F-74DD061A5AA8}.Release|Mixed Platforms.ActiveCfg = Release|Any CPU
		{AC234983-EDA6-4AEF-B86F-74DD061A5AA8}.Release|Mixed Platforms.Build.0 = Release|Any CPU
		{AC234983-EDA6-4AEF-B86F-74DD061A5AA8}.Release|x64.ActiveCfg = Release|Any CPU
		{AC234983-EDA6-4AEF-B86F-74DD061A5AA8}.Release|x86.ActiveCfg = Release|Any CPU
		{F25C490D-A7BC-489F-BD41-06CDFDE3C27C}.Beta|Any CPU.ActiveCfg = Beta|Any CPU
		{F25C490D-A7BC-489F-BD41-06CDFDE3C27C}.Beta|Any CPU.Build.0 = Beta|Any CPU
		{F25C490D-A7BC-489F-BD41-06CDFDE3C27C}.Beta|Mixed Platforms.ActiveCfg = Beta|Any CPU
		{F25C490D-A7BC-489F-BD41-06CDFDE3C27C}.Beta|Mixed Platforms.Build.0 = Beta|Any CPU
		{F25C490D-A7BC-489F-BD41-06CDFDE3C27C}.Beta|x64.ActiveCfg = Beta|Any CPU
		{F25C490D-A7BC-489F-BD41-06CDFDE3C27C}.Beta|x64.Build.0 = Beta|Any CPU
		{F25C490D-A7BC-489F-BD41-06CDFDE3C27C}.Beta|x86.ActiveCfg = Beta|Any CPU
		{F25C490D-A7BC-489F-BD41-06CDFDE3C27C}.Debug|Any CPU.ActiveCfg = Debug|Any CPU
		{F25C490D-A7BC-489F-BD41-06CDFDE3C27C}.Debug|Any CPU.Build.0 = Debug|Any CPU
		{F25C490D-A7BC-489F-BD41-06CDFDE3C27C}.Debug|Mixed Platforms.ActiveCfg = Debug|Any CPU
		{F25C490D-A7BC-489F-BD41-06CDFDE3C27C}.Debug|Mixed Platforms.Build.0 = Debug|Any CPU
		{F25C490D-A7BC-489F-BD41-06CDFDE3C27C}.Debug|x64.ActiveCfg = Debug|Any CPU
		{F25C490D-A7BC-489F-BD41-06CDFDE3C27C}.Debug|x86.ActiveCfg = Debug|Any CPU
		{F25C490D-A7BC-489F-BD41-06CDFDE3C27C}.Dev|Any CPU.ActiveCfg = Dev|Any CPU
		{F25C490D-A7BC-489F-BD41-06CDFDE3C27C}.Dev|Any CPU.Build.0 = Dev|Any CPU
		{F25C490D-A7BC-489F-BD41-06CDFDE3C27C}.Dev|Mixed Platforms.ActiveCfg = Dev|Any CPU
		{F25C490D-A7BC-489F-BD41-06CDFDE3C27C}.Dev|Mixed Platforms.Build.0 = Dev|Any CPU
		{F25C490D-A7BC-489F-BD41-06CDFDE3C27C}.Dev|x64.ActiveCfg = Dev|Any CPU
		{F25C490D-A7BC-489F-BD41-06CDFDE3C27C}.Dev|x64.Build.0 = Dev|Any CPU
		{F25C490D-A7BC-489F-BD41-06CDFDE3C27C}.Dev|x86.ActiveCfg = Dev|Any CPU
		{F25C490D-A7BC-489F-BD41-06CDFDE3C27C}.Release|Any CPU.ActiveCfg = Release|Any CPU
		{F25C490D-A7BC-489F-BD41-06CDFDE3C27C}.Release|Any CPU.Build.0 = Release|Any CPU
		{F25C490D-A7BC-489F-BD41-06CDFDE3C27C}.Release|Mixed Platforms.ActiveCfg = Release|Any CPU
		{F25C490D-A7BC-489F-BD41-06CDFDE3C27C}.Release|Mixed Platforms.Build.0 = Release|Any CPU
		{F25C490D-A7BC-489F-BD41-06CDFDE3C27C}.Release|x64.ActiveCfg = Release|Any CPU
		{F25C490D-A7BC-489F-BD41-06CDFDE3C27C}.Release|x86.ActiveCfg = Release|Any CPU
		{67CBC824-A49E-4E9B-A947-360F3DFE65C3}.Beta|Any CPU.ActiveCfg = Beta|Any CPU
		{67CBC824-A49E-4E9B-A947-360F3DFE65C3}.Beta|Any CPU.Build.0 = Beta|Any CPU
		{67CBC824-A49E-4E9B-A947-360F3DFE65C3}.Beta|Any CPU.Deploy.0 = Beta|Any CPU
		{67CBC824-A49E-4E9B-A947-360F3DFE65C3}.Beta|Mixed Platforms.ActiveCfg = Beta|Any CPU
		{67CBC824-A49E-4E9B-A947-360F3DFE65C3}.Beta|Mixed Platforms.Build.0 = Beta|Any CPU
		{67CBC824-A49E-4E9B-A947-360F3DFE65C3}.Beta|Mixed Platforms.Deploy.0 = Beta|Any CPU
		{67CBC824-A49E-4E9B-A947-360F3DFE65C3}.Beta|x64.ActiveCfg = Beta|Any CPU
		{67CBC824-A49E-4E9B-A947-360F3DFE65C3}.Beta|x64.Build.0 = Beta|Any CPU
		{67CBC824-A49E-4E9B-A947-360F3DFE65C3}.Beta|x86.ActiveCfg = Beta|Any CPU
		{67CBC824-A49E-4E9B-A947-360F3DFE65C3}.Debug|Any CPU.ActiveCfg = Debug|Any CPU
		{67CBC824-A49E-4E9B-A947-360F3DFE65C3}.Debug|Any CPU.Build.0 = Debug|Any CPU
		{67CBC824-A49E-4E9B-A947-360F3DFE65C3}.Debug|Any CPU.Deploy.0 = Debug|Any CPU
		{67CBC824-A49E-4E9B-A947-360F3DFE65C3}.Debug|Mixed Platforms.ActiveCfg = Debug|Any CPU
		{67CBC824-A49E-4E9B-A947-360F3DFE65C3}.Debug|Mixed Platforms.Build.0 = Debug|Any CPU
		{67CBC824-A49E-4E9B-A947-360F3DFE65C3}.Debug|Mixed Platforms.Deploy.0 = Debug|Any CPU
		{67CBC824-A49E-4E9B-A947-360F3DFE65C3}.Debug|x64.ActiveCfg = Debug|Any CPU
		{67CBC824-A49E-4E9B-A947-360F3DFE65C3}.Debug|x86.ActiveCfg = Debug|Any CPU
		{67CBC824-A49E-4E9B-A947-360F3DFE65C3}.Dev|Any CPU.ActiveCfg = Dev|Any CPU
		{67CBC824-A49E-4E9B-A947-360F3DFE65C3}.Dev|Any CPU.Build.0 = Dev|Any CPU
		{67CBC824-A49E-4E9B-A947-360F3DFE65C3}.Dev|Any CPU.Deploy.0 = Dev|Any CPU
		{67CBC824-A49E-4E9B-A947-360F3DFE65C3}.Dev|Mixed Platforms.ActiveCfg = Dev|Any CPU
		{67CBC824-A49E-4E9B-A947-360F3DFE65C3}.Dev|Mixed Platforms.Build.0 = Dev|Any CPU
		{67CBC824-A49E-4E9B-A947-360F3DFE65C3}.Dev|Mixed Platforms.Deploy.0 = Dev|Any CPU
		{67CBC824-A49E-4E9B-A947-360F3DFE65C3}.Dev|x64.ActiveCfg = Dev|Any CPU
		{67CBC824-A49E-4E9B-A947-360F3DFE65C3}.Dev|x64.Build.0 = Dev|Any CPU
		{67CBC824-A49E-4E9B-A947-360F3DFE65C3}.Dev|x86.ActiveCfg = Dev|Any CPU
		{67CBC824-A49E-4E9B-A947-360F3DFE65C3}.Release|Any CPU.ActiveCfg = Release|Any CPU
		{67CBC824-A49E-4E9B-A947-360F3DFE65C3}.Release|Any CPU.Build.0 = Release|Any CPU
		{67CBC824-A49E-4E9B-A947-360F3DFE65C3}.Release|Any CPU.Deploy.0 = Release|Any CPU
		{67CBC824-A49E-4E9B-A947-360F3DFE65C3}.Release|Mixed Platforms.ActiveCfg = Release|Any CPU
		{67CBC824-A49E-4E9B-A947-360F3DFE65C3}.Release|Mixed Platforms.Build.0 = Release|Any CPU
		{67CBC824-A49E-4E9B-A947-360F3DFE65C3}.Release|Mixed Platforms.Deploy.0 = Release|Any CPU
		{67CBC824-A49E-4E9B-A947-360F3DFE65C3}.Release|x64.ActiveCfg = Release|Any CPU
		{67CBC824-A49E-4E9B-A947-360F3DFE65C3}.Release|x86.ActiveCfg = Release|Any CPU
		{B506D2AF-12DE-4ACC-A5E9-607CB1243BF1}.Beta|Any CPU.ActiveCfg = Beta|Any CPU
		{B506D2AF-12DE-4ACC-A5E9-607CB1243BF1}.Beta|Any CPU.Build.0 = Beta|Any CPU
		{B506D2AF-12DE-4ACC-A5E9-607CB1243BF1}.Beta|Any CPU.Deploy.0 = Beta|Any CPU
		{B506D2AF-12DE-4ACC-A5E9-607CB1243BF1}.Beta|Mixed Platforms.ActiveCfg = Beta|Any CPU
		{B506D2AF-12DE-4ACC-A5E9-607CB1243BF1}.Beta|Mixed Platforms.Build.0 = Beta|Any CPU
		{B506D2AF-12DE-4ACC-A5E9-607CB1243BF1}.Beta|Mixed Platforms.Deploy.0 = Beta|Any CPU
		{B506D2AF-12DE-4ACC-A5E9-607CB1243BF1}.Beta|x64.ActiveCfg = Beta|Any CPU
		{B506D2AF-12DE-4ACC-A5E9-607CB1243BF1}.Beta|x64.Build.0 = Beta|Any CPU
		{B506D2AF-12DE-4ACC-A5E9-607CB1243BF1}.Beta|x86.ActiveCfg = Beta|Any CPU
		{B506D2AF-12DE-4ACC-A5E9-607CB1243BF1}.Debug|Any CPU.ActiveCfg = Debug|Any CPU
		{B506D2AF-12DE-4ACC-A5E9-607CB1243BF1}.Debug|Any CPU.Build.0 = Debug|Any CPU
		{B506D2AF-12DE-4ACC-A5E9-607CB1243BF1}.Debug|Any CPU.Deploy.0 = Debug|Any CPU
		{B506D2AF-12DE-4ACC-A5E9-607CB1243BF1}.Debug|Mixed Platforms.ActiveCfg = Debug|Any CPU
		{B506D2AF-12DE-4ACC-A5E9-607CB1243BF1}.Debug|Mixed Platforms.Build.0 = Debug|Any CPU
		{B506D2AF-12DE-4ACC-A5E9-607CB1243BF1}.Debug|Mixed Platforms.Deploy.0 = Debug|Any CPU
		{B506D2AF-12DE-4ACC-A5E9-607CB1243BF1}.Debug|x64.ActiveCfg = Debug|Any CPU
		{B506D2AF-12DE-4ACC-A5E9-607CB1243BF1}.Debug|x86.ActiveCfg = Debug|Any CPU
		{B506D2AF-12DE-4ACC-A5E9-607CB1243BF1}.Dev|Any CPU.ActiveCfg = Dev|Any CPU
		{B506D2AF-12DE-4ACC-A5E9-607CB1243BF1}.Dev|Any CPU.Build.0 = Dev|Any CPU
		{B506D2AF-12DE-4ACC-A5E9-607CB1243BF1}.Dev|Any CPU.Deploy.0 = Dev|Any CPU
		{B506D2AF-12DE-4ACC-A5E9-607CB1243BF1}.Dev|Mixed Platforms.ActiveCfg = Dev|Any CPU
		{B506D2AF-12DE-4ACC-A5E9-607CB1243BF1}.Dev|Mixed Platforms.Build.0 = Dev|Any CPU
		{B506D2AF-12DE-4ACC-A5E9-607CB1243BF1}.Dev|Mixed Platforms.Deploy.0 = Dev|Any CPU
		{B506D2AF-12DE-4ACC-A5E9-607CB1243BF1}.Dev|x64.ActiveCfg = Dev|Any CPU
		{B506D2AF-12DE-4ACC-A5E9-607CB1243BF1}.Dev|x64.Build.0 = Dev|Any CPU
		{B506D2AF-12DE-4ACC-A5E9-607CB1243BF1}.Dev|x86.ActiveCfg = Dev|Any CPU
		{B506D2AF-12DE-4ACC-A5E9-607CB1243BF1}.Release|Any CPU.ActiveCfg = Release|Any CPU
		{B506D2AF-12DE-4ACC-A5E9-607CB1243BF1}.Release|Any CPU.Build.0 = Release|Any CPU
		{B506D2AF-12DE-4ACC-A5E9-607CB1243BF1}.Release|Any CPU.Deploy.0 = Release|Any CPU
		{B506D2AF-12DE-4ACC-A5E9-607CB1243BF1}.Release|Mixed Platforms.ActiveCfg = Release|Any CPU
		{B506D2AF-12DE-4ACC-A5E9-607CB1243BF1}.Release|Mixed Platforms.Build.0 = Release|Any CPU
		{B506D2AF-12DE-4ACC-A5E9-607CB1243BF1}.Release|Mixed Platforms.Deploy.0 = Release|Any CPU
		{B506D2AF-12DE-4ACC-A5E9-607CB1243BF1}.Release|x64.ActiveCfg = Release|Any CPU
		{B506D2AF-12DE-4ACC-A5E9-607CB1243BF1}.Release|x86.ActiveCfg = Release|Any CPU
		{D3889083-4413-4DCE-B732-1A9EB46AFC8A}.Beta|Any CPU.ActiveCfg = Beta|Any CPU
		{D3889083-4413-4DCE-B732-1A9EB46AFC8A}.Beta|Any CPU.Build.0 = Beta|Any CPU
		{D3889083-4413-4DCE-B732-1A9EB46AFC8A}.Beta|Mixed Platforms.ActiveCfg = Beta|Any CPU
		{D3889083-4413-4DCE-B732-1A9EB46AFC8A}.Beta|Mixed Platforms.Build.0 = Beta|Any CPU
		{D3889083-4413-4DCE-B732-1A9EB46AFC8A}.Beta|x64.ActiveCfg = Beta|Any CPU
		{D3889083-4413-4DCE-B732-1A9EB46AFC8A}.Beta|x64.Build.0 = Beta|Any CPU
		{D3889083-4413-4DCE-B732-1A9EB46AFC8A}.Beta|x86.ActiveCfg = Beta|Any CPU
		{D3889083-4413-4DCE-B732-1A9EB46AFC8A}.Debug|Any CPU.ActiveCfg = Debug|Any CPU
		{D3889083-4413-4DCE-B732-1A9EB46AFC8A}.Debug|Any CPU.Build.0 = Debug|Any CPU
		{D3889083-4413-4DCE-B732-1A9EB46AFC8A}.Debug|Mixed Platforms.ActiveCfg = Debug|Any CPU
		{D3889083-4413-4DCE-B732-1A9EB46AFC8A}.Debug|Mixed Platforms.Build.0 = Debug|Any CPU
		{D3889083-4413-4DCE-B732-1A9EB46AFC8A}.Debug|x64.ActiveCfg = Debug|Any CPU
		{D3889083-4413-4DCE-B732-1A9EB46AFC8A}.Debug|x86.ActiveCfg = Debug|Any CPU
		{D3889083-4413-4DCE-B732-1A9EB46AFC8A}.Dev|Any CPU.ActiveCfg = Dev|Any CPU
		{D3889083-4413-4DCE-B732-1A9EB46AFC8A}.Dev|Any CPU.Build.0 = Dev|Any CPU
		{D3889083-4413-4DCE-B732-1A9EB46AFC8A}.Dev|Mixed Platforms.ActiveCfg = Dev|Any CPU
		{D3889083-4413-4DCE-B732-1A9EB46AFC8A}.Dev|Mixed Platforms.Build.0 = Dev|Any CPU
		{D3889083-4413-4DCE-B732-1A9EB46AFC8A}.Dev|x64.ActiveCfg = Dev|Any CPU
		{D3889083-4413-4DCE-B732-1A9EB46AFC8A}.Dev|x64.Build.0 = Dev|Any CPU
		{D3889083-4413-4DCE-B732-1A9EB46AFC8A}.Dev|x86.ActiveCfg = Dev|Any CPU
		{D3889083-4413-4DCE-B732-1A9EB46AFC8A}.Release|Any CPU.ActiveCfg = Release|Any CPU
		{D3889083-4413-4DCE-B732-1A9EB46AFC8A}.Release|Any CPU.Build.0 = Release|Any CPU
		{D3889083-4413-4DCE-B732-1A9EB46AFC8A}.Release|Mixed Platforms.ActiveCfg = Release|Any CPU
		{D3889083-4413-4DCE-B732-1A9EB46AFC8A}.Release|Mixed Platforms.Build.0 = Release|Any CPU
		{D3889083-4413-4DCE-B732-1A9EB46AFC8A}.Release|x64.ActiveCfg = Release|Any CPU
		{D3889083-4413-4DCE-B732-1A9EB46AFC8A}.Release|x86.ActiveCfg = Release|Any CPU
		{7EBF72F1-52AA-491C-87D2-732752BFEAF1}.Beta|Any CPU.ActiveCfg = Beta|Any CPU
		{7EBF72F1-52AA-491C-87D2-732752BFEAF1}.Beta|Any CPU.Build.0 = Beta|Any CPU
		{7EBF72F1-52AA-491C-87D2-732752BFEAF1}.Beta|Mixed Platforms.ActiveCfg = Beta|Any CPU
		{7EBF72F1-52AA-491C-87D2-732752BFEAF1}.Beta|Mixed Platforms.Build.0 = Beta|Any CPU
		{7EBF72F1-52AA-491C-87D2-732752BFEAF1}.Beta|x64.ActiveCfg = Beta|Any CPU
		{7EBF72F1-52AA-491C-87D2-732752BFEAF1}.Beta|x64.Build.0 = Beta|Any CPU
		{7EBF72F1-52AA-491C-87D2-732752BFEAF1}.Beta|x86.ActiveCfg = Beta|Any CPU
		{7EBF72F1-52AA-491C-87D2-732752BFEAF1}.Debug|Any CPU.ActiveCfg = Debug|Any CPU
		{7EBF72F1-52AA-491C-87D2-732752BFEAF1}.Debug|Any CPU.Build.0 = Debug|Any CPU
		{7EBF72F1-52AA-491C-87D2-732752BFEAF1}.Debug|Mixed Platforms.ActiveCfg = Debug|Any CPU
		{7EBF72F1-52AA-491C-87D2-732752BFEAF1}.Debug|Mixed Platforms.Build.0 = Debug|Any CPU
		{7EBF72F1-52AA-491C-87D2-732752BFEAF1}.Debug|x64.ActiveCfg = Debug|Any CPU
		{7EBF72F1-52AA-491C-87D2-732752BFEAF1}.Debug|x86.ActiveCfg = Debug|Any CPU
		{7EBF72F1-52AA-491C-87D2-732752BFEAF1}.Dev|Any CPU.ActiveCfg = Dev|Any CPU
		{7EBF72F1-52AA-491C-87D2-732752BFEAF1}.Dev|Any CPU.Build.0 = Dev|Any CPU
		{7EBF72F1-52AA-491C-87D2-732752BFEAF1}.Dev|Mixed Platforms.ActiveCfg = Dev|Any CPU
		{7EBF72F1-52AA-491C-87D2-732752BFEAF1}.Dev|Mixed Platforms.Build.0 = Dev|Any CPU
		{7EBF72F1-52AA-491C-87D2-732752BFEAF1}.Dev|x64.ActiveCfg = Dev|Any CPU
		{7EBF72F1-52AA-491C-87D2-732752BFEAF1}.Dev|x64.Build.0 = Dev|Any CPU
		{7EBF72F1-52AA-491C-87D2-732752BFEAF1}.Dev|x86.ActiveCfg = Dev|Any CPU
		{7EBF72F1-52AA-491C-87D2-732752BFEAF1}.Release|Any CPU.ActiveCfg = Release|Any CPU
		{7EBF72F1-52AA-491C-87D2-732752BFEAF1}.Release|Any CPU.Build.0 = Release|Any CPU
		{7EBF72F1-52AA-491C-87D2-732752BFEAF1}.Release|Mixed Platforms.ActiveCfg = Release|Any CPU
		{7EBF72F1-52AA-491C-87D2-732752BFEAF1}.Release|Mixed Platforms.Build.0 = Release|Any CPU
		{7EBF72F1-52AA-491C-87D2-732752BFEAF1}.Release|x64.ActiveCfg = Release|Any CPU
		{7EBF72F1-52AA-491C-87D2-732752BFEAF1}.Release|x86.ActiveCfg = Release|Any CPU
		{5C09A873-BC43-4C45-96DF-BE974080B8A6}.Beta|Any CPU.ActiveCfg = Beta|Any CPU
		{5C09A873-BC43-4C45-96DF-BE974080B8A6}.Beta|Mixed Platforms.ActiveCfg = Beta|Any CPU
		{5C09A873-BC43-4C45-96DF-BE974080B8A6}.Beta|x64.ActiveCfg = Beta|Any CPU
		{5C09A873-BC43-4C45-96DF-BE974080B8A6}.Beta|x64.Build.0 = Beta|Any CPU
		{5C09A873-BC43-4C45-96DF-BE974080B8A6}.Beta|x86.ActiveCfg = Beta|Any CPU
		{5C09A873-BC43-4C45-96DF-BE974080B8A6}.Debug|Any CPU.ActiveCfg = Dev|Any CPU
		{5C09A873-BC43-4C45-96DF-BE974080B8A6}.Debug|Mixed Platforms.ActiveCfg = Dev|Any CPU
		{5C09A873-BC43-4C45-96DF-BE974080B8A6}.Debug|x64.ActiveCfg = Dev|Any CPU
		{5C09A873-BC43-4C45-96DF-BE974080B8A6}.Debug|x86.ActiveCfg = Dev|Any CPU
		{5C09A873-BC43-4C45-96DF-BE974080B8A6}.Dev|Any CPU.ActiveCfg = Dev|Any CPU
		{5C09A873-BC43-4C45-96DF-BE974080B8A6}.Dev|Any CPU.Build.0 = Dev|Any CPU
		{5C09A873-BC43-4C45-96DF-BE974080B8A6}.Dev|Mixed Platforms.ActiveCfg = Dev|Any CPU
		{5C09A873-BC43-4C45-96DF-BE974080B8A6}.Dev|x64.ActiveCfg = Dev|Any CPU
		{5C09A873-BC43-4C45-96DF-BE974080B8A6}.Dev|x64.Build.0 = Dev|Any CPU
		{5C09A873-BC43-4C45-96DF-BE974080B8A6}.Dev|x86.ActiveCfg = Dev|Any CPU
		{5C09A873-BC43-4C45-96DF-BE974080B8A6}.Release|Any CPU.ActiveCfg = Dev|Any CPU
		{5C09A873-BC43-4C45-96DF-BE974080B8A6}.Release|Mixed Platforms.ActiveCfg = Dev|Any CPU
		{5C09A873-BC43-4C45-96DF-BE974080B8A6}.Release|x64.ActiveCfg = Dev|Any CPU
		{5C09A873-BC43-4C45-96DF-BE974080B8A6}.Release|x86.ActiveCfg = Dev|Any CPU
		{AC179D6C-1A86-4695-84BA-E8DF4114B87D}.Beta|Any CPU.ActiveCfg = Beta|Any CPU
		{AC179D6C-1A86-4695-84BA-E8DF4114B87D}.Beta|Mixed Platforms.ActiveCfg = Beta|Any CPU
		{AC179D6C-1A86-4695-84BA-E8DF4114B87D}.Beta|x64.ActiveCfg = Beta|Any CPU
		{AC179D6C-1A86-4695-84BA-E8DF4114B87D}.Beta|x64.Build.0 = Beta|Any CPU
		{AC179D6C-1A86-4695-84BA-E8DF4114B87D}.Beta|x86.ActiveCfg = Beta|Any CPU
		{AC179D6C-1A86-4695-84BA-E8DF4114B87D}.Debug|Any CPU.ActiveCfg = Dev|Any CPU
		{AC179D6C-1A86-4695-84BA-E8DF4114B87D}.Debug|Mixed Platforms.ActiveCfg = Dev|Any CPU
		{AC179D6C-1A86-4695-84BA-E8DF4114B87D}.Debug|x64.ActiveCfg = Dev|Any CPU
		{AC179D6C-1A86-4695-84BA-E8DF4114B87D}.Debug|x86.ActiveCfg = Dev|Any CPU
		{AC179D6C-1A86-4695-84BA-E8DF4114B87D}.Dev|Any CPU.ActiveCfg = Dev|Any CPU
		{AC179D6C-1A86-4695-84BA-E8DF4114B87D}.Dev|Any CPU.Build.0 = Dev|Any CPU
		{AC179D6C-1A86-4695-84BA-E8DF4114B87D}.Dev|Mixed Platforms.ActiveCfg = Dev|Any CPU
		{AC179D6C-1A86-4695-84BA-E8DF4114B87D}.Dev|x64.ActiveCfg = Dev|Any CPU
		{AC179D6C-1A86-4695-84BA-E8DF4114B87D}.Dev|x64.Build.0 = Dev|Any CPU
		{AC179D6C-1A86-4695-84BA-E8DF4114B87D}.Dev|x86.ActiveCfg = Dev|Any CPU
		{AC179D6C-1A86-4695-84BA-E8DF4114B87D}.Release|Any CPU.ActiveCfg = Dev|Any CPU
		{AC179D6C-1A86-4695-84BA-E8DF4114B87D}.Release|Mixed Platforms.ActiveCfg = Dev|Any CPU
		{AC179D6C-1A86-4695-84BA-E8DF4114B87D}.Release|x64.ActiveCfg = Dev|Any CPU
		{AC179D6C-1A86-4695-84BA-E8DF4114B87D}.Release|x86.ActiveCfg = Dev|Any CPU
		{FBD8ABC6-285F-4231-A127-59756BF4D67C}.Beta|Any CPU.ActiveCfg = Beta|Any CPU
		{FBD8ABC6-285F-4231-A127-59756BF4D67C}.Beta|Mixed Platforms.ActiveCfg = Beta|Any CPU
		{FBD8ABC6-285F-4231-A127-59756BF4D67C}.Beta|x64.ActiveCfg = Beta|Any CPU
		{FBD8ABC6-285F-4231-A127-59756BF4D67C}.Beta|x64.Build.0 = Beta|Any CPU
		{FBD8ABC6-285F-4231-A127-59756BF4D67C}.Beta|x86.ActiveCfg = Beta|Any CPU
		{FBD8ABC6-285F-4231-A127-59756BF4D67C}.Debug|Any CPU.ActiveCfg = Dev|Any CPU
		{FBD8ABC6-285F-4231-A127-59756BF4D67C}.Debug|Mixed Platforms.ActiveCfg = Dev|Any CPU
		{FBD8ABC6-285F-4231-A127-59756BF4D67C}.Debug|x64.ActiveCfg = Dev|Any CPU
		{FBD8ABC6-285F-4231-A127-59756BF4D67C}.Debug|x86.ActiveCfg = Dev|Any CPU
		{FBD8ABC6-285F-4231-A127-59756BF4D67C}.Dev|Any CPU.ActiveCfg = Dev|Any CPU
		{FBD8ABC6-285F-4231-A127-59756BF4D67C}.Dev|Any CPU.Build.0 = Dev|Any CPU
		{FBD8ABC6-285F-4231-A127-59756BF4D67C}.Dev|Mixed Platforms.ActiveCfg = Dev|Any CPU
		{FBD8ABC6-285F-4231-A127-59756BF4D67C}.Dev|x64.ActiveCfg = Dev|Any CPU
		{FBD8ABC6-285F-4231-A127-59756BF4D67C}.Dev|x64.Build.0 = Dev|Any CPU
		{FBD8ABC6-285F-4231-A127-59756BF4D67C}.Dev|x86.ActiveCfg = Dev|Any CPU
		{FBD8ABC6-285F-4231-A127-59756BF4D67C}.Release|Any CPU.ActiveCfg = Dev|Any CPU
		{FBD8ABC6-285F-4231-A127-59756BF4D67C}.Release|Mixed Platforms.ActiveCfg = Dev|Any CPU
		{FBD8ABC6-285F-4231-A127-59756BF4D67C}.Release|x64.ActiveCfg = Dev|Any CPU
		{FBD8ABC6-285F-4231-A127-59756BF4D67C}.Release|x86.ActiveCfg = Dev|Any CPU
		{1DE053F9-6A52-49B4-9049-EB85995A1A26}.Beta|Any CPU.ActiveCfg = Beta|Any CPU
		{1DE053F9-6A52-49B4-9049-EB85995A1A26}.Beta|Mixed Platforms.ActiveCfg = Beta|Any CPU
		{1DE053F9-6A52-49B4-9049-EB85995A1A26}.Beta|x64.ActiveCfg = Beta|Any CPU
		{1DE053F9-6A52-49B4-9049-EB85995A1A26}.Beta|x64.Build.0 = Beta|Any CPU
		{1DE053F9-6A52-49B4-9049-EB85995A1A26}.Beta|x86.ActiveCfg = Beta|Any CPU
		{1DE053F9-6A52-49B4-9049-EB85995A1A26}.Debug|Any CPU.ActiveCfg = Dev|Any CPU
		{1DE053F9-6A52-49B4-9049-EB85995A1A26}.Debug|Mixed Platforms.ActiveCfg = Dev|Any CPU
		{1DE053F9-6A52-49B4-9049-EB85995A1A26}.Debug|x64.ActiveCfg = Dev|Any CPU
		{1DE053F9-6A52-49B4-9049-EB85995A1A26}.Debug|x86.ActiveCfg = Dev|Any CPU
		{1DE053F9-6A52-49B4-9049-EB85995A1A26}.Dev|Any CPU.ActiveCfg = Dev|Any CPU
		{1DE053F9-6A52-49B4-9049-EB85995A1A26}.Dev|Any CPU.Build.0 = Dev|Any CPU
		{1DE053F9-6A52-49B4-9049-EB85995A1A26}.Dev|Mixed Platforms.ActiveCfg = Dev|Any CPU
		{1DE053F9-6A52-49B4-9049-EB85995A1A26}.Dev|x64.ActiveCfg = Dev|Any CPU
		{1DE053F9-6A52-49B4-9049-EB85995A1A26}.Dev|x64.Build.0 = Dev|Any CPU
		{1DE053F9-6A52-49B4-9049-EB85995A1A26}.Dev|x86.ActiveCfg = Dev|Any CPU
		{1DE053F9-6A52-49B4-9049-EB85995A1A26}.Release|Any CPU.ActiveCfg = Dev|Any CPU
		{1DE053F9-6A52-49B4-9049-EB85995A1A26}.Release|Mixed Platforms.ActiveCfg = Dev|Any CPU
		{1DE053F9-6A52-49B4-9049-EB85995A1A26}.Release|x64.ActiveCfg = Dev|Any CPU
		{1DE053F9-6A52-49B4-9049-EB85995A1A26}.Release|x86.ActiveCfg = Dev|Any CPU
		{EB150E1F-86FE-43D5-A04D-83545028FB8D}.Beta|Any CPU.ActiveCfg = Beta|Any CPU
		{EB150E1F-86FE-43D5-A04D-83545028FB8D}.Beta|Mixed Platforms.ActiveCfg = Beta|Any CPU
		{EB150E1F-86FE-43D5-A04D-83545028FB8D}.Beta|x64.ActiveCfg = Beta|Any CPU
		{EB150E1F-86FE-43D5-A04D-83545028FB8D}.Beta|x64.Build.0 = Beta|Any CPU
		{EB150E1F-86FE-43D5-A04D-83545028FB8D}.Beta|x86.ActiveCfg = Beta|Any CPU
		{EB150E1F-86FE-43D5-A04D-83545028FB8D}.Debug|Any CPU.ActiveCfg = Dev|Any CPU
		{EB150E1F-86FE-43D5-A04D-83545028FB8D}.Debug|Mixed Platforms.ActiveCfg = Dev|Any CPU
		{EB150E1F-86FE-43D5-A04D-83545028FB8D}.Debug|x64.ActiveCfg = Dev|Any CPU
		{EB150E1F-86FE-43D5-A04D-83545028FB8D}.Debug|x86.ActiveCfg = Dev|Any CPU
		{EB150E1F-86FE-43D5-A04D-83545028FB8D}.Dev|Any CPU.ActiveCfg = Dev|Any CPU
		{EB150E1F-86FE-43D5-A04D-83545028FB8D}.Dev|Any CPU.Build.0 = Dev|Any CPU
		{EB150E1F-86FE-43D5-A04D-83545028FB8D}.Dev|Mixed Platforms.ActiveCfg = Dev|Any CPU
		{EB150E1F-86FE-43D5-A04D-83545028FB8D}.Dev|x64.ActiveCfg = Dev|Any CPU
		{EB150E1F-86FE-43D5-A04D-83545028FB8D}.Dev|x64.Build.0 = Dev|Any CPU
		{EB150E1F-86FE-43D5-A04D-83545028FB8D}.Dev|x86.ActiveCfg = Dev|Any CPU
		{EB150E1F-86FE-43D5-A04D-83545028FB8D}.Release|Any CPU.ActiveCfg = Dev|Any CPU
		{EB150E1F-86FE-43D5-A04D-83545028FB8D}.Release|Mixed Platforms.ActiveCfg = Dev|Any CPU
		{EB150E1F-86FE-43D5-A04D-83545028FB8D}.Release|x64.ActiveCfg = Dev|Any CPU
		{EB150E1F-86FE-43D5-A04D-83545028FB8D}.Release|x86.ActiveCfg = Dev|Any CPU
		{9F06C7DC-6F81-4E3F-9D10-0AE60FB4E6A4}.Beta|Any CPU.ActiveCfg = Beta|Any CPU
		{9F06C7DC-6F81-4E3F-9D10-0AE60FB4E6A4}.Beta|Mixed Platforms.ActiveCfg = Beta|Any CPU
		{9F06C7DC-6F81-4E3F-9D10-0AE60FB4E6A4}.Beta|x64.ActiveCfg = Beta|Any CPU
		{9F06C7DC-6F81-4E3F-9D10-0AE60FB4E6A4}.Beta|x64.Build.0 = Beta|Any CPU
		{9F06C7DC-6F81-4E3F-9D10-0AE60FB4E6A4}.Beta|x86.ActiveCfg = Beta|Any CPU
		{9F06C7DC-6F81-4E3F-9D10-0AE60FB4E6A4}.Debug|Any CPU.ActiveCfg = Dev|Any CPU
		{9F06C7DC-6F81-4E3F-9D10-0AE60FB4E6A4}.Debug|Mixed Platforms.ActiveCfg = Dev|Any CPU
		{9F06C7DC-6F81-4E3F-9D10-0AE60FB4E6A4}.Debug|x64.ActiveCfg = Dev|Any CPU
		{9F06C7DC-6F81-4E3F-9D10-0AE60FB4E6A4}.Debug|x86.ActiveCfg = Dev|Any CPU
		{9F06C7DC-6F81-4E3F-9D10-0AE60FB4E6A4}.Dev|Any CPU.ActiveCfg = Dev|Any CPU
		{9F06C7DC-6F81-4E3F-9D10-0AE60FB4E6A4}.Dev|Any CPU.Build.0 = Dev|Any CPU
		{9F06C7DC-6F81-4E3F-9D10-0AE60FB4E6A4}.Dev|Mixed Platforms.ActiveCfg = Dev|Any CPU
		{9F06C7DC-6F81-4E3F-9D10-0AE60FB4E6A4}.Dev|x64.ActiveCfg = Dev|Any CPU
		{9F06C7DC-6F81-4E3F-9D10-0AE60FB4E6A4}.Dev|x64.Build.0 = Dev|Any CPU
		{9F06C7DC-6F81-4E3F-9D10-0AE60FB4E6A4}.Dev|x86.ActiveCfg = Dev|Any CPU
		{9F06C7DC-6F81-4E3F-9D10-0AE60FB4E6A4}.Release|Any CPU.ActiveCfg = Dev|Any CPU
		{9F06C7DC-6F81-4E3F-9D10-0AE60FB4E6A4}.Release|Mixed Platforms.ActiveCfg = Dev|Any CPU
		{9F06C7DC-6F81-4E3F-9D10-0AE60FB4E6A4}.Release|x64.ActiveCfg = Dev|Any CPU
		{9F06C7DC-6F81-4E3F-9D10-0AE60FB4E6A4}.Release|x86.ActiveCfg = Dev|Any CPU
		{84145DBA-9DE4-413C-89FC-DA3DAE921612}.Beta|Any CPU.ActiveCfg = Beta|x64
		{84145DBA-9DE4-413C-89FC-DA3DAE921612}.Beta|Mixed Platforms.ActiveCfg = Beta|x64
		{84145DBA-9DE4-413C-89FC-DA3DAE921612}.Beta|x64.ActiveCfg = Beta|x64
		{84145DBA-9DE4-413C-89FC-DA3DAE921612}.Beta|x64.Build.0 = Beta|x64
		{84145DBA-9DE4-413C-89FC-DA3DAE921612}.Beta|x86.ActiveCfg = Beta|x64
		{84145DBA-9DE4-413C-89FC-DA3DAE921612}.Debug|Any CPU.ActiveCfg = Dev|x64
		{84145DBA-9DE4-413C-89FC-DA3DAE921612}.Debug|Mixed Platforms.ActiveCfg = Dev|x64
		{84145DBA-9DE4-413C-89FC-DA3DAE921612}.Debug|x64.ActiveCfg = Dev|x64
		{84145DBA-9DE4-413C-89FC-DA3DAE921612}.Debug|x86.ActiveCfg = Dev|x64
		{84145DBA-9DE4-413C-89FC-DA3DAE921612}.Dev|Any CPU.ActiveCfg = Dev|x64
		{84145DBA-9DE4-413C-89FC-DA3DAE921612}.Dev|Any CPU.Build.0 = Dev|x64
		{84145DBA-9DE4-413C-89FC-DA3DAE921612}.Dev|Mixed Platforms.ActiveCfg = Dev|x64
		{84145DBA-9DE4-413C-89FC-DA3DAE921612}.Dev|x64.ActiveCfg = Dev|x64
		{84145DBA-9DE4-413C-89FC-DA3DAE921612}.Dev|x64.Build.0 = Dev|x64
		{84145DBA-9DE4-413C-89FC-DA3DAE921612}.Dev|x86.ActiveCfg = Dev|x64
		{84145DBA-9DE4-413C-89FC-DA3DAE921612}.Release|Any CPU.ActiveCfg = Dev|x64
		{84145DBA-9DE4-413C-89FC-DA3DAE921612}.Release|Mixed Platforms.ActiveCfg = Dev|x64
		{84145DBA-9DE4-413C-89FC-DA3DAE921612}.Release|x64.ActiveCfg = Dev|x64
		{84145DBA-9DE4-413C-89FC-DA3DAE921612}.Release|x86.ActiveCfg = Dev|x64
		{CBE1BA8B-C2F5-4ED9-9C16-1B7BAF219959}.Beta|Any CPU.ActiveCfg = Beta|Any CPU
		{CBE1BA8B-C2F5-4ED9-9C16-1B7BAF219959}.Beta|Mixed Platforms.ActiveCfg = Beta|Any CPU
		{CBE1BA8B-C2F5-4ED9-9C16-1B7BAF219959}.Beta|x64.ActiveCfg = Beta|Any CPU
		{CBE1BA8B-C2F5-4ED9-9C16-1B7BAF219959}.Beta|x64.Build.0 = Beta|Any CPU
		{CBE1BA8B-C2F5-4ED9-9C16-1B7BAF219959}.Beta|x86.ActiveCfg = Beta|Any CPU
		{CBE1BA8B-C2F5-4ED9-9C16-1B7BAF219959}.Debug|Any CPU.ActiveCfg = Dev|Any CPU
		{CBE1BA8B-C2F5-4ED9-9C16-1B7BAF219959}.Debug|Mixed Platforms.ActiveCfg = Dev|Any CPU
		{CBE1BA8B-C2F5-4ED9-9C16-1B7BAF219959}.Debug|x64.ActiveCfg = Dev|Any CPU
		{CBE1BA8B-C2F5-4ED9-9C16-1B7BAF219959}.Debug|x86.ActiveCfg = Dev|Any CPU
		{CBE1BA8B-C2F5-4ED9-9C16-1B7BAF219959}.Dev|Any CPU.ActiveCfg = Dev|Any CPU
		{CBE1BA8B-C2F5-4ED9-9C16-1B7BAF219959}.Dev|Any CPU.Build.0 = Dev|Any CPU
		{CBE1BA8B-C2F5-4ED9-9C16-1B7BAF219959}.Dev|Mixed Platforms.ActiveCfg = Dev|Any CPU
		{CBE1BA8B-C2F5-4ED9-9C16-1B7BAF219959}.Dev|x64.ActiveCfg = Dev|Any CPU
		{CBE1BA8B-C2F5-4ED9-9C16-1B7BAF219959}.Dev|x64.Build.0 = Dev|Any CPU
		{CBE1BA8B-C2F5-4ED9-9C16-1B7BAF219959}.Dev|x86.ActiveCfg = Dev|Any CPU
		{CBE1BA8B-C2F5-4ED9-9C16-1B7BAF219959}.Release|Any CPU.ActiveCfg = Dev|Any CPU
		{CBE1BA8B-C2F5-4ED9-9C16-1B7BAF219959}.Release|Mixed Platforms.ActiveCfg = Dev|Any CPU
		{CBE1BA8B-C2F5-4ED9-9C16-1B7BAF219959}.Release|x64.ActiveCfg = Dev|Any CPU
		{CBE1BA8B-C2F5-4ED9-9C16-1B7BAF219959}.Release|x86.ActiveCfg = Dev|Any CPU
		{775F8271-3BDD-433F-9E88-245630D86BBD}.Beta|Any CPU.ActiveCfg = Beta|x86
		{775F8271-3BDD-433F-9E88-245630D86BBD}.Beta|Mixed Platforms.ActiveCfg = Beta|x86
		{775F8271-3BDD-433F-9E88-245630D86BBD}.Beta|Mixed Platforms.Build.0 = Beta|x86
		{775F8271-3BDD-433F-9E88-245630D86BBD}.Beta|x64.ActiveCfg = Beta|x86
		{775F8271-3BDD-433F-9E88-245630D86BBD}.Beta|x86.ActiveCfg = Beta|x86
		{775F8271-3BDD-433F-9E88-245630D86BBD}.Beta|x86.Build.0 = Beta|x86
		{775F8271-3BDD-433F-9E88-245630D86BBD}.Debug|Any CPU.ActiveCfg = Dev|x86
		{775F8271-3BDD-433F-9E88-245630D86BBD}.Debug|Mixed Platforms.ActiveCfg = Dev|x86
		{775F8271-3BDD-433F-9E88-245630D86BBD}.Debug|Mixed Platforms.Build.0 = Dev|x86
		{775F8271-3BDD-433F-9E88-245630D86BBD}.Debug|x64.ActiveCfg = Dev|x86
		{775F8271-3BDD-433F-9E88-245630D86BBD}.Debug|x86.ActiveCfg = Dev|x86
		{775F8271-3BDD-433F-9E88-245630D86BBD}.Debug|x86.Build.0 = Dev|x86
		{775F8271-3BDD-433F-9E88-245630D86BBD}.Dev|Any CPU.ActiveCfg = Dev|x86
		{775F8271-3BDD-433F-9E88-245630D86BBD}.Dev|Any CPU.Build.0 = Dev|x86
		{775F8271-3BDD-433F-9E88-245630D86BBD}.Dev|Mixed Platforms.ActiveCfg = Dev|x86
		{775F8271-3BDD-433F-9E88-245630D86BBD}.Dev|Mixed Platforms.Build.0 = Dev|x86
		{775F8271-3BDD-433F-9E88-245630D86BBD}.Dev|x64.ActiveCfg = Dev|x86
		{775F8271-3BDD-433F-9E88-245630D86BBD}.Dev|x64.Build.0 = Dev|x86
		{775F8271-3BDD-433F-9E88-245630D86BBD}.Dev|x86.ActiveCfg = Dev|x86
		{775F8271-3BDD-433F-9E88-245630D86BBD}.Dev|x86.Build.0 = Dev|x86
		{775F8271-3BDD-433F-9E88-245630D86BBD}.Release|Any CPU.ActiveCfg = Beta|x86
		{775F8271-3BDD-433F-9E88-245630D86BBD}.Release|Mixed Platforms.ActiveCfg = Beta|x86
		{775F8271-3BDD-433F-9E88-245630D86BBD}.Release|Mixed Platforms.Build.0 = Beta|x86
		{775F8271-3BDD-433F-9E88-245630D86BBD}.Release|x64.ActiveCfg = Beta|x86
		{775F8271-3BDD-433F-9E88-245630D86BBD}.Release|x86.ActiveCfg = Beta|x86
		{775F8271-3BDD-433F-9E88-245630D86BBD}.Release|x86.Build.0 = Beta|x86
		{E727F9D6-3032-42A0-93B9-AE3016BEF137}.Beta|Any CPU.ActiveCfg = Beta|Any CPU
		{E727F9D6-3032-42A0-93B9-AE3016BEF137}.Beta|Any CPU.Build.0 = Beta|Any CPU
		{E727F9D6-3032-42A0-93B9-AE3016BEF137}.Beta|Mixed Platforms.ActiveCfg = Beta|Any CPU
		{E727F9D6-3032-42A0-93B9-AE3016BEF137}.Beta|Mixed Platforms.Build.0 = Beta|Any CPU
		{E727F9D6-3032-42A0-93B9-AE3016BEF137}.Beta|x64.ActiveCfg = Beta|Any CPU
		{E727F9D6-3032-42A0-93B9-AE3016BEF137}.Beta|x86.ActiveCfg = Beta|Any CPU
		{E727F9D6-3032-42A0-93B9-AE3016BEF137}.Debug|Any CPU.ActiveCfg = Dev|Any CPU
		{E727F9D6-3032-42A0-93B9-AE3016BEF137}.Debug|Any CPU.Build.0 = Dev|Any CPU
		{E727F9D6-3032-42A0-93B9-AE3016BEF137}.Debug|Mixed Platforms.ActiveCfg = Dev|Any CPU
		{E727F9D6-3032-42A0-93B9-AE3016BEF137}.Debug|Mixed Platforms.Build.0 = Dev|Any CPU
		{E727F9D6-3032-42A0-93B9-AE3016BEF137}.Debug|x64.ActiveCfg = Dev|Any CPU
		{E727F9D6-3032-42A0-93B9-AE3016BEF137}.Debug|x86.ActiveCfg = Dev|Any CPU
		{E727F9D6-3032-42A0-93B9-AE3016BEF137}.Dev|Any CPU.ActiveCfg = Dev|Any CPU
		{E727F9D6-3032-42A0-93B9-AE3016BEF137}.Dev|Any CPU.Build.0 = Dev|Any CPU
		{E727F9D6-3032-42A0-93B9-AE3016BEF137}.Dev|Mixed Platforms.ActiveCfg = Dev|Any CPU
		{E727F9D6-3032-42A0-93B9-AE3016BEF137}.Dev|Mixed Platforms.Build.0 = Dev|Any CPU
		{E727F9D6-3032-42A0-93B9-AE3016BEF137}.Dev|x64.ActiveCfg = Dev|Any CPU
		{E727F9D6-3032-42A0-93B9-AE3016BEF137}.Dev|x64.Build.0 = Dev|Any CPU
		{E727F9D6-3032-42A0-93B9-AE3016BEF137}.Dev|x86.ActiveCfg = Dev|Any CPU
		{E727F9D6-3032-42A0-93B9-AE3016BEF137}.Release|Any CPU.ActiveCfg = Beta|Any CPU
		{E727F9D6-3032-42A0-93B9-AE3016BEF137}.Release|Any CPU.Build.0 = Beta|Any CPU
		{E727F9D6-3032-42A0-93B9-AE3016BEF137}.Release|Mixed Platforms.ActiveCfg = Beta|Any CPU
		{E727F9D6-3032-42A0-93B9-AE3016BEF137}.Release|Mixed Platforms.Build.0 = Beta|Any CPU
		{E727F9D6-3032-42A0-93B9-AE3016BEF137}.Release|x64.ActiveCfg = Beta|Any CPU
		{E727F9D6-3032-42A0-93B9-AE3016BEF137}.Release|x86.ActiveCfg = Beta|Any CPU
	EndGlobalSection
	GlobalSection(SolutionProperties) = preSolution
		HideSolutionNode = FALSE
	EndGlobalSection
	GlobalSection(NestedProjects) = preSolution
		{EB150E1F-86FE-43D5-A04D-83545028FB8D} = {8A255B6A-1BE8-484D-9626-48D59B79C9A6}
		{9F06C7DC-6F81-4E3F-9D10-0AE60FB4E6A4} = {8A255B6A-1BE8-484D-9626-48D59B79C9A6}
		{84145DBA-9DE4-413C-89FC-DA3DAE921612} = {8A255B6A-1BE8-484D-9626-48D59B79C9A6}
		{CBE1BA8B-C2F5-4ED9-9C16-1B7BAF219959} = {8A255B6A-1BE8-484D-9626-48D59B79C9A6}
		{775F8271-3BDD-433F-9E88-245630D86BBD} = {66704AEE-B7BA-493F-8943-1E072BAAF865}
		{E727F9D6-3032-42A0-93B9-AE3016BEF137} = {66704AEE-B7BA-493F-8943-1E072BAAF865}
	EndGlobalSection
EndGlobal
