
Microsoft Visual Studio Solution File, Format Version 11.00
# Visual Studio 2010
Project("{FAE04EC0-301F-11D3-BF4B-00C04F79EFBC}") = "Services", "Services\Services.csproj", "{4AE734C3-6DB3-489F-B4F2-5D049011F846}"
EndProject
Project("{FAE04EC0-301F-11D3-BF4B-00C04F79EFBC}") = "DataAccess", "DataAccess\DataAccess.csproj", "{AC234983-EDA6-4AEF-B86F-74DD061A5AA8}"
EndProject
Project("{FAE04EC0-301F-11D3-BF4B-00C04F79EFBC}") = "Website", "Website\Website.csproj", "{F25C490D-A7BC-489F-BD41-06CDFDE3C27C}"
EndProject
Project("{2150E333-8FDC-42A3-9474-1A3956D46DE8}") = "Solution Items", "Solution Items", "{097B08CA-C807-4EB8-96F5-D08AD0A9126C}"
	ProjectSection(SolutionItems) = preProject
		Local.testsettings = Local.testsettings
		Olive.snk = Olive.snk
		Olive.vsmdi = Olive.vsmdi
		SolutionInfo.cs = SolutionInfo.cs
		TraceAndTestImpact.testsettings = TraceAndTestImpact.testsettings
	EndProjectSection
EndProject
Project("{C8D11400-126E-41CD-887F-60BD40844F9E}") = "Database", "Database\Database.dbproj", "{67CBC824-A49E-4E9B-A947-360F3DFE65C3}"
EndProject
Project("{C8D11400-126E-41CD-887F-60BD40844F9E}") = "DatabaseServer", "DatabaseServer\DatabaseServer.dbproj", "{B506D2AF-12DE-4ACC-A5E9-607CB1243BF1}"
EndProject
Project("{FAE04EC0-301F-11D3-BF4B-00C04F79EFBC}") = "Core", "Core\Core.csproj", "{D3889083-4413-4DCE-B732-1A9EB46AFC8A}"
EndProject
Project("{FAE04EC0-301F-11D3-BF4B-00C04F79EFBC}") = "Database.Tests", "Database.Tests\Database.Tests.csproj", "{7EBF72F1-52AA-491C-87D2-732752BFEAF1}"
EndProject
Project("{FAE04EC0-301F-11D3-BF4B-00C04F79EFBC}") = "DataAccess.Tests", "DataAccess.Tests\DataAccess.Tests.csproj", "{5C09A873-BC43-4C45-96DF-BE974080B8A6}"
EndProject
Project("{FAE04EC0-301F-11D3-BF4B-00C04F79EFBC}") = "Website.Tests", "Website.Tests\Website.Tests.csproj", "{AC179D6C-1A86-4695-84BA-E8DF4114B87D}"
EndProject
Global
	GlobalSection(TeamFoundationVersionControl) = preSolution
		SccNumberOfProjects = 10
		SccEnterpriseProvider = {4CA58AB2-18FA-4F8D-95D4-32DDF27D184C}
		SccTeamFoundationServer = https://tfs.codeplex.com/tfs/tfs18
		SccLocalPath0 = .
		SccProjectUniqueName1 = Core\\Core.csproj
		SccProjectName1 = Core
		SccLocalPath1 = Core
		SccProjectUniqueName2 = DataAccess.Tests\\DataAccess.Tests.csproj
		SccProjectName2 = DataAccess.Tests
		SccLocalPath2 = DataAccess.Tests
		SccProjectUniqueName3 = DataAccess\\DataAccess.csproj
		SccProjectName3 = DataAccess
		SccLocalPath3 = DataAccess
		SccProjectUniqueName4 = Database.Tests\\Database.Tests.csproj
		SccProjectName4 = Database.Tests
		SccLocalPath4 = Database.Tests
		SccProjectUniqueName5 = Database\\Database.dbproj
		SccProjectName5 = Database
		SccLocalPath5 = Database
		SccProjectUniqueName6 = DatabaseServer\\DatabaseServer.dbproj
		SccProjectName6 = DatabaseServer
		SccLocalPath6 = DatabaseServer
		SccProjectUniqueName7 = Services\\Services.csproj
		SccProjectName7 = Services
		SccLocalPath7 = Services
		SccProjectUniqueName8 = Website\\Website.csproj
		SccProjectName8 = Website
		SccLocalPath8 = Website
		SccProjectUniqueName9 = Website.Tests\\Website.Tests.csproj
		SccProjectName9 = Website.Tests
		SccLocalPath9 = Website.Tests
	EndGlobalSection
	GlobalSection(TestCaseManagementSettings) = postSolution
		CategoryFile = Olive.vsmdi
	EndGlobalSection
	GlobalSection(SolutionConfigurationPlatforms) = preSolution
		Debug|Any CPU = Debug|Any CPU
		Release|Any CPU = Release|Any CPU
	EndGlobalSection
	GlobalSection(ProjectConfigurationPlatforms) = postSolution
		{4AE734C3-6DB3-489F-B4F2-5D049011F846}.Debug|Any CPU.ActiveCfg = Debug|Any CPU
		{4AE734C3-6DB3-489F-B4F2-5D049011F846}.Debug|Any CPU.Build.0 = Debug|Any CPU
		{4AE734C3-6DB3-489F-B4F2-5D049011F846}.Release|Any CPU.ActiveCfg = Release|Any CPU
		{4AE734C3-6DB3-489F-B4F2-5D049011F846}.Release|Any CPU.Build.0 = Release|Any CPU
		{AC234983-EDA6-4AEF-B86F-74DD061A5AA8}.Debug|Any CPU.ActiveCfg = Debug|Any CPU
		{AC234983-EDA6-4AEF-B86F-74DD061A5AA8}.Debug|Any CPU.Build.0 = Debug|Any CPU
		{AC234983-EDA6-4AEF-B86F-74DD061A5AA8}.Release|Any CPU.ActiveCfg = Release|Any CPU
		{AC234983-EDA6-4AEF-B86F-74DD061A5AA8}.Release|Any CPU.Build.0 = Release|Any CPU
		{F25C490D-A7BC-489F-BD41-06CDFDE3C27C}.Debug|Any CPU.ActiveCfg = Debug|Any CPU
		{F25C490D-A7BC-489F-BD41-06CDFDE3C27C}.Debug|Any CPU.Build.0 = Debug|Any CPU
		{F25C490D-A7BC-489F-BD41-06CDFDE3C27C}.Release|Any CPU.ActiveCfg = Release|Any CPU
		{F25C490D-A7BC-489F-BD41-06CDFDE3C27C}.Release|Any CPU.Build.0 = Release|Any CPU
		{67CBC824-A49E-4E9B-A947-360F3DFE65C3}.Debug|Any CPU.ActiveCfg = Debug|Any CPU
		{67CBC824-A49E-4E9B-A947-360F3DFE65C3}.Debug|Any CPU.Build.0 = Debug|Any CPU
		{67CBC824-A49E-4E9B-A947-360F3DFE65C3}.Debug|Any CPU.Deploy.0 = Debug|Any CPU
		{67CBC824-A49E-4E9B-A947-360F3DFE65C3}.Release|Any CPU.ActiveCfg = Release|Any CPU
		{67CBC824-A49E-4E9B-A947-360F3DFE65C3}.Release|Any CPU.Build.0 = Release|Any CPU
		{67CBC824-A49E-4E9B-A947-360F3DFE65C3}.Release|Any CPU.Deploy.0 = Release|Any CPU
		{B506D2AF-12DE-4ACC-A5E9-607CB1243BF1}.Debug|Any CPU.ActiveCfg = Debug|Any CPU
		{B506D2AF-12DE-4ACC-A5E9-607CB1243BF1}.Debug|Any CPU.Build.0 = Debug|Any CPU
		{B506D2AF-12DE-4ACC-A5E9-607CB1243BF1}.Debug|Any CPU.Deploy.0 = Debug|Any CPU
		{B506D2AF-12DE-4ACC-A5E9-607CB1243BF1}.Release|Any CPU.ActiveCfg = Release|Any CPU
		{B506D2AF-12DE-4ACC-A5E9-607CB1243BF1}.Release|Any CPU.Build.0 = Release|Any CPU
		{B506D2AF-12DE-4ACC-A5E9-607CB1243BF1}.Release|Any CPU.Deploy.0 = Release|Any CPU
		{D3889083-4413-4DCE-B732-1A9EB46AFC8A}.Debug|Any CPU.ActiveCfg = Debug|Any CPU
		{D3889083-4413-4DCE-B732-1A9EB46AFC8A}.Debug|Any CPU.Build.0 = Debug|Any CPU
		{D3889083-4413-4DCE-B732-1A9EB46AFC8A}.Release|Any CPU.ActiveCfg = Release|Any CPU
		{D3889083-4413-4DCE-B732-1A9EB46AFC8A}.Release|Any CPU.Build.0 = Release|Any CPU
		{7EBF72F1-52AA-491C-87D2-732752BFEAF1}.Debug|Any CPU.ActiveCfg = Debug|Any CPU
		{7EBF72F1-52AA-491C-87D2-732752BFEAF1}.Debug|Any CPU.Build.0 = Debug|Any CPU
		{7EBF72F1-52AA-491C-87D2-732752BFEAF1}.Release|Any CPU.ActiveCfg = Release|Any CPU
		{7EBF72F1-52AA-491C-87D2-732752BFEAF1}.Release|Any CPU.Build.0 = Release|Any CPU
		{5C09A873-BC43-4C45-96DF-BE974080B8A6}.Debug|Any CPU.ActiveCfg = Debug|Any CPU
		{5C09A873-BC43-4C45-96DF-BE974080B8A6}.Debug|Any CPU.Build.0 = Debug|Any CPU
		{5C09A873-BC43-4C45-96DF-BE974080B8A6}.Release|Any CPU.ActiveCfg = Release|Any CPU
		{5C09A873-BC43-4C45-96DF-BE974080B8A6}.Release|Any CPU.Build.0 = Release|Any CPU
		{AC179D6C-1A86-4695-84BA-E8DF4114B87D}.Debug|Any CPU.ActiveCfg = Debug|Any CPU
		{AC179D6C-1A86-4695-84BA-E8DF4114B87D}.Debug|Any CPU.Build.0 = Debug|Any CPU
		{AC179D6C-1A86-4695-84BA-E8DF4114B87D}.Release|Any CPU.ActiveCfg = Release|Any CPU
		{AC179D6C-1A86-4695-84BA-E8DF4114B87D}.Release|Any CPU.Build.0 = Release|Any CPU
	EndGlobalSection
	GlobalSection(SolutionProperties) = preSolution
		HideSolutionNode = FALSE
	EndGlobalSection
EndGlobal
